version = 1
revision = 3
requires-python = ">=3.13"

[[package]]
name = "be-lovetracker"
version = "0.1.0"
source = { virtual = "." }
dependencies = [
    { name = "dotenv" },
    { name = "robyn" },
]

[package.metadata]
requires-dist = [
    { name = "dotenv", specifier = ">=0.9.9" },
    { name = "robyn", specifier = ">=0.76.0" },
]

[[package]]
name = "dill"
version = "0.4.1"
source = { registry = "https://bytedpypi.byted.org/simple/" }
sdist = { url = "https://bytedpypi.byted.org/packages/dill/dill-0.4.1.tar.gz", hash = "sha256:423092df4182177d4d8ba8290c8a5b640c66ab35ec7da59ccfa00f6fa3eea5fa" }
wheels = [
    { url = "https://bytedpypi.byted.org/packages/dill/dill-0.4.1-py3-none-any.whl", hash = "sha256:1e1ce33e978ae97fcfcff5638477032b801c46c7c65cf717f95fbc2248f79a9d" },
]

[[package]]
name = "dotenv"
version = "0.9.9"
source = { registry = "https://bytedpypi.byted.org/simple/" }
dependencies = [
    { name = "python-dotenv" },
]
wheels = [
    { url = "https://bytedpypi.byted.org/packages/dotenv/dotenv-0.9.9-py2.py3-none-any.whl", hash = "sha256:29cf74a087b31dafdb5a446b6d7e11cbce8ed2741540e2339c69fbef92c94ce9" },
]

[[package]]
name = "inquirerpy"
version = "0.3.4"
source = { registry = "https://bytedpypi.byted.org/simple/" }
dependencies = [
    { name = "pfzy" },
    { name = "prompt-toolkit" },
]
sdist = { url = "https://bytedpypi.byted.org/packages/inquirerpy/InquirerPy-0.3.4.tar.gz", hash = "sha256:89d2ada0111f337483cb41ae31073108b2ec1e618a49d7110b0d7ade89fc197e" }
wheels = [
    { url = "https://bytedpypi.byted.org/packages/inquirerpy/InquirerPy-0.3.4-py3-none-any.whl", hash = "sha256:c65fdfbac1fa00e3ee4fb10679f4d3ed7a012abf4833910e63c295827fe2a7d4" },
]

[[package]]
name = "multiprocess"
version = "0.70.14"
source = { registry = "https://bytedpypi.byted.org/simple/" }
dependencies = [
    { name = "dill" },
]
sdist = { url = "https://bytedpypi.byted.org/packages/multiprocess/multiprocess-0.70.14.tar.gz", hash = "sha256:3eddafc12f2260d27ae03fe6069b12570ab4764ab59a75e81624fac453fbf46a" }
wheels = [
    { url = "https://bytedpypi.byted.org/packages/multiprocess/multiprocess-0.70.14-py310-none-any.whl", hash = "sha256:7dc1f2f6a1d34894c8a9a013fbc807971e336e7cc3f3ff233e61b9dc679b3b5c" },
    { url = "https://bytedpypi.byted.org/packages/multiprocess/multiprocess-0.70.14-py37-none-any.whl", hash = "sha256:93a8208ca0926d05cdbb5b9250a604c401bed677579e96c14da3090beb798193" },
    { url = "https://bytedpypi.byted.org/packages/multiprocess/multiprocess-0.70.14-py38-none-any.whl", hash = "sha256:6725bc79666bbd29a73ca148a0fb5f4ea22eed4a8f22fce58296492a02d18a7b" },
    { url = "https://bytedpypi.byted.org/packages/multiprocess/multiprocess-0.70.14-py39-none-any.whl", hash = "sha256:63cee628b74a2c0631ef15da5534c8aedbc10c38910b9c8b18dcd327528d1ec7" },
]

[[package]]
name = "orjson"
version = "3.11.7"
source = { registry = "https://bytedpypi.byted.org/simple/" }
sdist = { url = "https://bytedpypi.byted.org/packages/orjson/orjson-3.11.7.tar.gz", hash = "sha256:9b1a67243945819ce55d24a30b59d6a168e86220452d2c96f4d1f093e71c0c49" }
wheels = [
    { url = "https://bytedpypi.byted.org/packages/orjson/orjson-3.11.7-cp313-cp313-macosx_10_15_x86_64.macosx_11_0_arm64.macosx_10_15_universal2.whl", hash = "sha256:1d98b30cc1313d52d4af17d9c3d307b08389752ec5f2e5febdfada70b0f8c733" },
    { url = "https://bytedpypi.byted.org/packages/orjson/orjson-3.11.7-cp313-cp313-macosx_15_0_arm64.whl", hash = "sha256:d897e81f8d0cbd2abb82226d1860ad2e1ab3ff16d7b08c96ca00df9d45409ef4" },
    { url = "https://bytedpypi.byted.org/packages/orjson/orjson-3.11.7-cp313-cp313-manylinux_2_17_aarch64.manylinux2014_aarch64.whl", hash = "sha256:814be4b49b228cfc0b3c565acf642dd7d13538f966e3ccde61f4f55be3e20785" },
    { url = "https://bytedpypi.byted.org/packages/orjson/orjson-3.11.7-cp313-cp313-manylinux_2_17_armv7l.manylinux2014_armv7l.whl", hash = "sha256:d06e5c5fed5caedd2e540d62e5b1c25e8c82431b9e577c33537e5fa4aa909539" },
    { url = "https://bytedpypi.byted.org/packages/orjson/orjson-3.11.7-cp313-cp313-manylinux_2_17_i686.manylinux2014_i686.whl", hash = "sha256:31c80ce534ac4ea3739c5ee751270646cbc46e45aea7576a38ffec040b4029a1" },
    { url = "https://bytedpypi.byted.org/packages/orjson/orjson-3.11.7-cp313-cp313-manylinux_2_17_ppc64le.manylinux2014_ppc64le.whl", hash = "sha256:f50979824bde13d32b4320eedd513431c921102796d86be3eee0b58e58a3ecd1" },
    { url = "https://bytedpypi.byted.org/packages/orjson/orjson-3.11.7-cp313-cp313-manylinux_2_17_s390x.manylinux2014_s390x.whl", hash = "sha256:9e54f3808e2b6b945078c41aa8d9b5834b28c50843846e97807e5adb75fa9705" },
    { url = "https://bytedpypi.byted.org/packages/orjson/orjson-3.11.7-cp313-cp313-manylinux_2_17_x86_64.manylinux2014_x86_64.whl", hash = "sha256:a12b80df61aab7b98b490fe9e4879925ba666fccdfcd175252ce4d9035865ace" },
    { url = "https://bytedpypi.byted.org/packages/orjson/orjson-3.11.7-cp313-cp313-musllinux_1_2_aarch64.whl", hash = "sha256:996b65230271f1a97026fd0e6a753f51fbc0c335d2ad0c6201f711b0da32693b" },
    { url = "https://bytedpypi.byted.org/packages/orjson/orjson-3.11.7-cp313-cp313-musllinux_1_2_armv7l.whl", hash = "sha256:ab49d4b2a6a1d415ddb9f37a21e02e0d5dbfe10b7870b21bf779fc21e9156157" },
    { url = "https://bytedpypi.byted.org/packages/orjson/orjson-3.11.7-cp313-cp313-musllinux_1_2_i686.whl", hash = "sha256:390a1dce0c055ddf8adb6aa94a73b45a4a7d7177b5c584b8d1c1947f2ba60fb3" },
    { url = "https://bytedpypi.byted.org/packages/orjson/orjson-3.11.7-cp313-cp313-musllinux_1_2_x86_64.whl", hash = "sha256:1eb80451a9c351a71dfaf5b7ccc13ad065405217726b59fdbeadbcc544f9d223" },
    { url = "https://bytedpypi.byted.org/packages/orjson/orjson-3.11.7-cp313-cp313-win32.whl", hash = "sha256:7477aa6a6ec6139c5cb1cc7b214643592169a5494d200397c7fc95d740d5fcf3" },
    { url = "https://bytedpypi.byted.org/packages/orjson/orjson-3.11.7-cp313-cp313-win_amd64.whl", hash = "sha256:b9f95dcdea9d4f805daa9ddf02617a89e484c6985fa03055459f90e87d7a0757" },
    { url = "https://bytedpypi.byted.org/packages/orjson/orjson-3.11.7-cp313-cp313-win_arm64.whl", hash = "sha256:800988273a014a0541483dc81021247d7eacb0c845a9d1a34a422bc718f41539" },
    { url = "https://bytedpypi.byted.org/packages/orjson/orjson-3.11.7-cp314-cp314-macosx_10_15_x86_64.macosx_11_0_arm64.macosx_10_15_universal2.whl", hash = "sha256:de0a37f21d0d364954ad5de1970491d7fbd0fb1ef7417d4d56a36dc01ba0c0a0" },
    { url = "https://bytedpypi.byted.org/packages/orjson/orjson-3.11.7-cp314-cp314-macosx_15_0_arm64.whl", hash = "sha256:c2428d358d85e8da9d37cba18b8c4047c55222007a84f97156a5b22028dfbfc0" },
    { url = "https://bytedpypi.byted.org/packages/orjson/orjson-3.11.7-cp314-cp314-manylinux_2_17_aarch64.manylinux2014_aarch64.whl", hash = "sha256:3c4bc6c6ac52cdaa267552544c73e486fecbd710b7ac09bc024d5a78555a22f6" },
    { url = "https://bytedpypi.byted.org/packages/orjson/orjson-3.11.7-cp314-cp314-manylinux_2_17_armv7l.manylinux2014_armv7l.whl", hash = "sha256:bd0d68edd7dfca1b2eca9361a44ac9f24b078de3481003159929a0573f21a6bf" },
    { url = "https://bytedpypi.byted.org/packages/orjson/orjson-3.11.7-cp314-cp314-manylinux_2_17_i686.manylinux2014_i686.whl", hash = "sha256:623ad1b9548ef63886319c16fa317848e465a21513b31a6ad7b57443c3e0dcf5" },
    { url = "https://bytedpypi.byted.org/packages/orjson/orjson-3.11.7-cp314-cp314-manylinux_2_17_ppc64le.manylinux2014_ppc64le.whl", hash = "sha256:6e776b998ac37c0396093d10290e60283f59cfe0fc3fccbd0ccc4bd04dd19892" },
    { url = "https://bytedpypi.byted.org/packages/orjson/orjson-3.11.7-cp314-cp314-manylinux_2_17_s390x.manylinux2014_s390x.whl", hash = "sha256:652c6c3af76716f4a9c290371ba2e390ede06f6603edb277b481daf37f6f464e" },
    { url = "https://bytedpypi.byted.org/packages/orjson/orjson-3.11.7-cp314-cp314-manylinux_2_17_x86_64.manylinux2014_x86_64.whl", hash = "sha256:a56df3239294ea5964adf074c54bcc4f0ccd21636049a2cf3ca9cf03b5d03cf1" },
    { url = "https://bytedpypi.byted.org/packages/orjson/orjson-3.11.7-cp314-cp314-musllinux_1_2_aarch64.whl", hash = "sha256:bda117c4148e81f746655d5a3239ae9bd00cb7bc3ca178b5fc5a5997e9744183" },
    { url = "https://bytedpypi.byted.org/packages/orjson/orjson-3.11.7-cp314-cp314-musllinux_1_2_armv7l.whl", hash = "sha256:23d6c20517a97a9daf1d48b580fcdc6f0516c6f4b5038823426033690b4d2650" },
    { url = "https://bytedpypi.byted.org/packages/orjson/orjson-3.11.7-cp314-cp314-musllinux_1_2_i686.whl", hash = "sha256:8ff206156006da5b847c9304b6308a01e8cdbc8cce824e2779a5ba71c3def141" },
    { url = "https://bytedpypi.byted.org/packages/orjson/orjson-3.11.7-cp314-cp314-musllinux_1_2_x86_64.whl", hash = "sha256:962d046ee1765f74a1da723f4b33e3b228fe3a48bd307acce5021dfefe0e29b2" },
    { url = "https://bytedpypi.byted.org/packages/orjson/orjson-3.11.7-cp314-cp314-win32.whl", hash = "sha256:89e13dd3f89f1c38a9c9eba5fbf7cdc2d1feca82f5f290864b4b7a6aac704576" },
    { url = "https://bytedpypi.byted.org/packages/orjson/orjson-3.11.7-cp314-cp314-win_amd64.whl", hash = "sha256:845c3e0d8ded9c9271cd79596b9b552448b885b97110f628fb687aee2eed11c1" },
    { url = "https://bytedpypi.byted.org/packages/orjson/orjson-3.11.7-cp314-cp314-win_arm64.whl", hash = "sha256:4a2e9c5be347b937a2e0203866f12bba36082e89b402ddb9e927d5822e43088d" },
]

[[package]]
name = "pfzy"
version = "0.3.4"
source = { registry = "https://bytedpypi.byted.org/simple/" }
sdist = { url = "https://bytedpypi.byted.org/packages/pfzy/pfzy-0.3.4.tar.gz", hash = "sha256:717ea765dd10b63618e7298b2d98efd819e0b30cd5905c9707223dceeb94b3f1" }
wheels = [
    { url = "https://bytedpypi.byted.org/packages/pfzy/pfzy-0.3.4-py3-none-any.whl", hash = "sha256:5f50d5b2b3207fa72e7ec0ef08372ef652685470974a107d0d4999fc5a903a96" },
]

[[package]]
name = "prompt-toolkit"
version = "3.0.52"
source = { registry = "https://bytedpypi.byted.org/simple/" }
dependencies = [
    { name = "wcwidth" },
]
sdist = { url = "https://bytedpypi.byted.org/packages/prompt-toolkit/prompt_toolkit-3.0.52.tar.gz", hash = "sha256:28cde192929c8e7321de85de1ddbe736f1375148b02f2e17edd840042b1be855" }
wheels = [
    { url = "https://bytedpypi.byted.org/packages/prompt-toolkit/prompt_toolkit-3.0.52-py3-none-any.whl", hash = "sha256:9aac639a3bbd33284347de5ad8d68ecc044b91a762dc39b7c21095fcd6a19955" },
]

[[package]]
name = "python-dotenv"
version = "1.2.1"
source = { registry = "https://bytedpypi.byted.org/simple/" }
sdist = { url = "https://bytedpypi.byted.org/packages/python-dotenv/python_dotenv-1.2.1.tar.gz", hash = "sha256:42667e897e16ab0d66954af0e60a9caa94f0fd4ecf3aaf6d2d260eec1aa36ad6" }
wheels = [
    { url = "https://bytedpypi.byted.org/packages/python-dotenv/python_dotenv-1.2.1-py3-none-any.whl", hash = "sha256:b81ee9561e9ca4004139c6cbba3a238c32b03e4894671e181b671e8cb8425d61" },
]

[[package]]
name = "robyn"
version = "0.76.0"
source = { registry = "https://bytedpypi.byted.org/simple/" }
dependencies = [
    { name = "inquirerpy" },
    { name = "multiprocess" },
    { name = "orjson" },
    { name = "rustimport" },
    { name = "uvloop", marker = "platform_machine != 'armv7l' and platform_python_implementation == 'CPython' and sys_platform != 'win32'" },
    { name = "watchdog" },
]
wheels = [
    { url = "https://bytedpypi.byted.org/packages/robyn/robyn-0.76.0-cp313-cp313-macosx_10_12_x86_64.macosx_11_0_arm64.macosx_10_12_universal2.whl", hash = "sha256:55ee35e474feed1fcef18ba11d39d9950ad8fee52a078956275ac860429419ff" },
    { url = "https://bytedpypi.byted.org/packages/robyn/robyn-0.76.0-cp313-cp313-macosx_10_12_x86_64.whl", hash = "sha256:e766d2cd89ce1dc870e74e9dd12e38de47870d2a9b237ac554432821c6873a57" },
    { url = "https://bytedpypi.byted.org/packages/robyn/robyn-0.76.0-cp313-cp313-manylinux_2_12_i686.manylinux2010_i686.whl", hash = "sha256:ac71ce29e9a9803e29119a26ad56663efa8030138d6f5bd6d025137ae0ab7f17" },
    { url = "https://bytedpypi.byted.org/packages/robyn/robyn-0.76.0-cp313-cp313-manylinux_2_17_aarch64.manylinux2014_aarch64.whl", hash = "sha256:6a0d6487f0e9b372a7c136442b248fbdee7c72a6dfdf6704599d3e27fb4e4492" },
    { url = "https://bytedpypi.byted.org/packages/robyn/robyn-0.76.0-cp313-cp313-manylinux_2_17_armv7l.manylinux2014_armv7l.whl", hash = "sha256:d9425676ff302862f45465a7034573fb5af44eb79e564b6375bc00f1e89c1cb2" },
    { url = "https://bytedpypi.byted.org/packages/robyn/robyn-0.76.0-cp313-cp313-manylinux_2_17_x86_64.manylinux2014_x86_64.whl", hash = "sha256:02d94c3b00ba6e935ee7fc346e812dbb901764ef6d9c690cca67ae11c2129dbd" },
    { url = "https://bytedpypi.byted.org/packages/robyn/robyn-0.76.0-cp313-cp313-win32.whl", hash = "sha256:d3e294d8629dea8b97b3123a342749400e2302f286e404c3d1bcd3e880d77ac4" },
    { url = "https://bytedpypi.byted.org/packages/robyn/robyn-0.76.0-cp313-cp313-win_amd64.whl", hash = "sha256:39b9b1eaea26c0bca420c2eda7d9e6bb5852e483006a7f5ade2b81ff7969fb20" },
    { url = "https://bytedpypi.byted.org/packages/robyn/robyn-0.76.0-cp314-cp314-macosx_10_12_x86_64.macosx_11_0_arm64.macosx_10_12_universal2.whl", hash = "sha256:ed07c7c898fb5bda4bcb7f053ff453bc6de3002a70dbc1c09e0d2afb8ec14922" },
    { url = "https://bytedpypi.byted.org/packages/robyn/robyn-0.76.0-cp314-cp314-macosx_10_12_x86_64.whl", hash = "sha256:3667caee2e7be2085174bff41bad67823139f08b3fb8110a581b18014b76beb5" },
    { url = "https://bytedpypi.byted.org/packages/robyn/robyn-0.76.0-cp314-cp314-manylinux_2_12_i686.manylinux2010_i686.whl", hash = "sha256:72bc73e1dad90a39169a386f68b47ad9b65985962f1d3514e4a9774b17a91e71" },
    { url = "https://bytedpypi.byted.org/packages/robyn/robyn-0.76.0-cp314-cp314-manylinux_2_17_aarch64.manylinux2014_aarch64.whl", hash = "sha256:b71b8525f135b1afdaf4916c3655f674ebddfdd83cba3f0ad1232fa25638dcdd" },
    { url = "https://bytedpypi.byted.org/packages/robyn/robyn-0.76.0-cp314-cp314-manylinux_2_17_armv7l.manylinux2014_armv7l.whl", hash = "sha256:6c4183724770ca48722487a255d65d9f25547432a3fd829dc5ee3e258a88112b" },
    { url = "https://bytedpypi.byted.org/packages/robyn/robyn-0.76.0-cp314-cp314-manylinux_2_17_x86_64.manylinux2014_x86_64.whl", hash = "sha256:bd086547a927c281f67c697ed0a951eaa0c6ddc5e1f4c22fb2d6957760305869" },
    { url = "https://bytedpypi.byted.org/packages/robyn/robyn-0.76.0-cp314-cp314-win32.whl", hash = "sha256:40feb31931213386c2af5a8dd2a8f1f174c8a56a7b116768b21923e5d6ee4894" },
    { url = "https://bytedpypi.byted.org/packages/robyn/robyn-0.76.0-cp314-cp314-win_amd64.whl", hash = "sha256:65c03b151e0c6b756e48875420f8f62e4127f6ba642be6774f060c3f035a0a4a" },
]

[[package]]
name = "rustimport"
version = "1.3.4"
source = { registry = "https://bytedpypi.byted.org/simple/" }
dependencies = [
    { name = "toml" },
]
sdist = { url = "https://bytedpypi.byted.org/packages/rustimport/rustimport-1.3.4.tar.gz", hash = "sha256:ba80e3c28af07ba3910ad395613d01f9e421bfb59fbb1ac050e2b5d9b78b4980" }
wheels = [
    { url = "https://bytedpypi.byted.org/packages/rustimport/rustimport-1.3.4-py3-none-any.whl", hash = "sha256:f2b931ff4e0fa931028066a7dacaae449b1a4601fe7a553c35f3dd63aba97ce0" },
]

[[package]]
name = "toml"
version = "0.10.2"
source = { registry = "https://bytedpypi.byted.org/simple/" }
sdist = { url = "https://bytedpypi.byted.org/packages/toml/toml-0.10.2.tar.gz", hash = "sha256:b3bda1d108d5dd99f4a20d24d9c348e91c4db7ab1b749200bded2f839ccbe68f" }
wheels = [
    { url = "https://bytedpypi.byted.org/packages/toml/toml-0.10.2-py2.py3-none-any.whl", hash = "sha256:806143ae5bfb6a3c6e736a764057db0e6a0e05e338b5630894a5f779cabb4f9b" },
]

[[package]]
name = "uvloop"
version = "0.22.1"
source = { registry = "https://bytedpypi.byted.org/simple/" }
sdist = { url = "https://bytedpypi.byted.org/packages/uvloop/uvloop-0.22.1.tar.gz", hash = "sha256:6c84bae345b9147082b17371e3dd5d42775bddce91f885499017f4607fdaf39f" }
wheels = [
    { url = "https://bytedpypi.byted.org/packages/uvloop/uvloop-0.22.1-cp313-cp313-macosx_10_13_universal2.whl", hash = "sha256:561577354eb94200d75aca23fbde86ee11be36b00e52a4eaf8f50fb0c86b7705" },
    { url = "https://bytedpypi.byted.org/packages/uvloop/uvloop-0.22.1-cp313-cp313-macosx_10_13_x86_64.whl", hash = "sha256:1cdf5192ab3e674ca26da2eada35b288d2fa49fdd0f357a19f0e7c4e7d5077c8" },
    { url = "https://bytedpypi.byted.org/packages/uvloop/uvloop-0.22.1-cp313-cp313-manylinux2014_aarch64.manylinux_2_17_aarch64.manylinux_2_28_aarch64.whl", hash = "sha256:6e2ea3d6190a2968f4a14a23019d3b16870dd2190cd69c8180f7c632d21de68d" },
    { url = "https://bytedpypi.byted.org/packages/uvloop/uvloop-0.22.1-cp313-cp313-manylinux2014_x86_64.manylinux_2_17_x86_64.manylinux_2_28_x86_64.whl", hash = "sha256:0530a5fbad9c9e4ee3f2b33b148c6a64d47bbad8000ea63704fa8260f4cf728e" },
    { url = "https://bytedpypi.byted.org/packages/uvloop/uvloop-0.22.1-cp313-cp313-musllinux_1_2_aarch64.whl", hash = "sha256:bc5ef13bbc10b5335792360623cc378d52d7e62c2de64660616478c32cd0598e" },
    { url = "https://bytedpypi.byted.org/packages/uvloop/uvloop-0.22.1-cp313-cp313-musllinux_1_2_x86_64.whl", hash = "sha256:1f38ec5e3f18c8a10ded09742f7fb8de0108796eb673f30ce7762ce1b8550cad" },
    { url = "https://bytedpypi.byted.org/packages/uvloop/uvloop-0.22.1-cp314-cp314-macosx_10_13_universal2.whl", hash = "sha256:3879b88423ec7e97cd4eba2a443aa26ed4e59b45e6b76aabf13fe2f27023a142" },
    { url = "https://bytedpypi.byted.org/packages/uvloop/uvloop-0.22.1-cp314-cp314-macosx_10_13_x86_64.whl", hash = "sha256:4baa86acedf1d62115c1dc6ad1e17134476688f08c6efd8a2ab076e815665c74" },
    { url = "https://bytedpypi.byted.org/packages/uvloop/uvloop-0.22.1-cp314-cp314-manylinux2014_aarch64.manylinux_2_17_aarch64.manylinux_2_28_aarch64.whl", hash = "sha256:297c27d8003520596236bdb2335e6b3f649480bd09e00d1e3a99144b691d2a35" },
    { url = "https://bytedpypi.byted.org/packages/uvloop/uvloop-0.22.1-cp314-cp314-manylinux2014_x86_64.manylinux_2_17_x86_64.manylinux_2_28_x86_64.whl", hash = "sha256:c1955d5a1dd43198244d47664a5858082a3239766a839b2102a269aaff7a4e25" },
    { url = "https://bytedpypi.byted.org/packages/uvloop/uvloop-0.22.1-cp314-cp314-musllinux_1_2_aarch64.whl", hash = "sha256:b31dc2fccbd42adc73bc4e7cdbae4fc5086cf378979e53ca5d0301838c5682c6" },
    { url = "https://bytedpypi.byted.org/packages/uvloop/uvloop-0.22.1-cp314-cp314-musllinux_1_2_x86_64.whl", hash = "sha256:93f617675b2d03af4e72a5333ef89450dfaa5321303ede6e67ba9c9d26878079" },
    { url = "https://bytedpypi.byted.org/packages/uvloop/uvloop-0.22.1-cp314-cp314t-macosx_10_13_universal2.whl", hash = "sha256:37554f70528f60cad66945b885eb01f1bb514f132d92b6eeed1c90fd54ed6289" },
    { url = "https://bytedpypi.byted.org/packages/uvloop/uvloop-0.22.1-cp314-cp314t-macosx_10_13_x86_64.whl", hash = "sha256:b76324e2dc033a0b2f435f33eb88ff9913c156ef78e153fb210e03c13da746b3" },
    { url = "https://bytedpypi.byted.org/packages/uvloop/uvloop-0.22.1-cp314-cp314t-manylinux2014_aarch64.manylinux_2_17_aarch64.manylinux_2_28_aarch64.whl", hash = "sha256:badb4d8e58ee08dad957002027830d5c3b06aea446a6a3744483c2b3b745345c" },
    { url = "https://bytedpypi.byted.org/packages/uvloop/uvloop-0.22.1-cp314-cp314t-manylinux2014_x86_64.manylinux_2_17_x86_64.manylinux_2_28_x86_64.whl", hash = "sha256:b91328c72635f6f9e0282e4a57da7470c7350ab1c9f48546c0f2866205349d21" },
    { url = "https://bytedpypi.byted.org/packages/uvloop/uvloop-0.22.1-cp314-cp314t-musllinux_1_2_aarch64.whl", hash = "sha256:daf620c2995d193449393d6c62131b3fbd40a63bf7b307a1527856ace637fe88" },
    { url = "https://bytedpypi.byted.org/packages/uvloop/uvloop-0.22.1-cp314-cp314t-musllinux_1_2_x86_64.whl", hash = "sha256:6cde23eeda1a25c75b2e07d39970f3374105d5eafbaab2a4482be82f272d5a5e" },
]

[[package]]
name = "watchdog"
version = "4.0.1"
source = { registry = "https://bytedpypi.byted.org/simple/" }
sdist = { url = "https://bytedpypi.byted.org/packages/watchdog/watchdog-4.0.1.tar.gz", hash = "sha256:eebaacf674fa25511e8867028d281e602ee6500045b57f43b08778082f7f8b44" }
wheels = [
    { url = "https://bytedpypi.byted.org/packages/watchdog/watchdog-4.0.1-py3-none-manylinux2014_aarch64.whl", hash = "sha256:dddba7ca1c807045323b6af4ff80f5ddc4d654c8bce8317dde1bd96b128ed253" },
    { url = "https://bytedpypi.byted.org/packages/watchdog/watchdog-4.0.1-py3-none-manylinux2014_armv7l.whl", hash = "sha256:4513ec234c68b14d4161440e07f995f231be21a09329051e67a2118a7a612d2d" },
    { url = "https://bytedpypi.byted.org/packages/watchdog/watchdog-4.0.1-py3-none-manylinux2014_i686.whl", hash = "sha256:4107ac5ab936a63952dea2a46a734a23230aa2f6f9db1291bf171dac3ebd53c6" },
    { url = "https://bytedpypi.byted.org/packages/watchdog/watchdog-4.0.1-py3-none-manylinux2014_ppc64.whl", hash = "sha256:6e8c70d2cd745daec2a08734d9f63092b793ad97612470a0ee4cbb8f5f705c57" },
    { url = "https://bytedpypi.byted.org/packages/watchdog/watchdog-4.0.1-py3-none-manylinux2014_ppc64le.whl", hash = "sha256:f27279d060e2ab24c0aa98363ff906d2386aa6c4dc2f1a374655d4e02a6c5e5e" },
    { url = "https://bytedpypi.byted.org/packages/watchdog/watchdog-4.0.1-py3-none-manylinux2014_s390x.whl", hash = "sha256:f8affdf3c0f0466e69f5b3917cdd042f89c8c63aebdb9f7c078996f607cdb0f5" },
    { url = "https://bytedpypi.byted.org/packages/watchdog/watchdog-4.0.1-py3-none-manylinux2014_x86_64.whl", hash = "sha256:ac7041b385f04c047fcc2951dc001671dee1b7e0615cde772e84b01fbf68ee84" },
    { url = "https://bytedpypi.byted.org/packages/watchdog/watchdog-4.0.1-py3-none-win32.whl", hash = "sha256:206afc3d964f9a233e6ad34618ec60b9837d0582b500b63687e34011e15bb429" },
    { url = "https://bytedpypi.byted.org/packages/watchdog/watchdog-4.0.1-py3-none-win_amd64.whl", hash = "sha256:7577b3c43e5909623149f76b099ac49a1a01ca4e167d1785c76eb52fa585745a" },
    { url = "https://bytedpypi.byted.org/packages/watchdog/watchdog-4.0.1-py3-none-win_ia64.whl", hash = "sha256:d7b9f5f3299e8dd230880b6c55504a1f69cf1e4316275d1b215ebdd8187ec88d" },
]

[[package]]
name = "wcwidth"
version = "0.5.3"
source = { registry = "https://bytedpypi.byted.org/simple/" }
sdist = { url = "https://bytedpypi.byted.org/packages/wcwidth/wcwidth-0.5.3.tar.gz", hash = "sha256:53123b7af053c74e9fe2e92ac810301f6139e64379031f7124574212fb3b4091" }
wheels = [
    { url = "https://bytedpypi.byted.org/packages/wcwidth/wcwidth-0.5.3-py3-none-any.whl", hash = "sha256:d584eff31cd4753e1e5ff6c12e1edfdb324c995713f75d26c29807bb84bf649e" },
]
